# Reproducible production wheel lock for CPython 3.10/3.12 on Linux
# x86_64/aarch64.
# Regenerate only after reviewing the exact PyPI wheel artifacts. Install with:
#   python -m pip install --require-hashes --only-binary=:all: -r requirements-crawler.lock
boto3==1.43.51 \
    --hash=sha256:a97057bb609fd38c80448db6a93db770786775dabd651401debf09816d4553d7
botocore==1.43.51 \
    --hash=sha256:7c2c538c932bddc95834e177ce6f91dcc388c6a7934b4f8d0db13caa30e3e543
certifi==2026.6.17 \
    --hash=sha256:2227dcbaafe0d2f59279d1762ddddc37783ed4354594f194ffc31d20f41fc3db
charset-normalizer==3.4.9 \
    --hash=sha256:9bb41182d93ea91f60b4bc8fbf4c820c69ef8a12ab2d917f3f1834f1acad07e8 \
    --hash=sha256:5e226f6218febc71f6c1fc2fafb91c226f75bdc1d8fb12d66823716e891608fd \
    --hash=sha256:aa99adc8f081b475a12843953db36831eaf83ec33eb46a90629ca6a5de45a616 \
    --hash=sha256:9b2aff1c7b3884512b9512c3eaadd9bab39fb45042ffaaa1dd08ff2b9f8109d9
defusedxml==0.7.1 \
    --hash=sha256:a352e7e428770286cc899e2542b6cdaedb2b4953ff269a210103ec58f6198a61
idna==3.18 \
    --hash=sha256:7f952cbe720b688055e3f87de14f5c3e5fdaa8bc3928985c4077ca689de849a2
jmespath==1.1.0 \
    --hash=sha256:a5663118de4908c91729bea0acadca56526eb2698e83de10cd116ae0f4e97c64
python-dateutil==2.9.0.post0 \
    --hash=sha256:a8b2bc7bffae282281c8140a97d3aa9c14da0b136dfe83f850eea9a5f7470427
requests==2.34.2 \
    --hash=sha256:2a0d60c172f83ac6ab31e4554906c0f3b3588d37b5cb939b1c061f4907e278e0
s3transfer==0.19.1 \
    --hash=sha256:d5fd7005ee39307455ad5f310b5ea67f4b1960d7fed5b3671ee50c249de675de
six==1.17.0 \
    --hash=sha256:4721f391ed90541fddacab5acf947aa0d3dc7d27b2e1e8eda2be8970586c3274
urllib3==2.7.0 \
    --hash=sha256:9fb4c81ebbb1ce9531cce37674bbc6f1360472bc18ca9a553ede278ef7276897
